
Microsoft Visual Studio Solution File, Format Version 12.00
# Visual Studio Version 16
VisualStudioVersion = 16.0.31729.503
MinimumVisualStudioVersion = 10.0.40219.1
Project("{FAE04EC0-301F-11D3-BF4B-00C04F79EFBC}") = "back-api-nice-people", "back-api-nice-people.csproj", "{7632BBDB-1B21-4B96-A133-1CCACC23CF68}"
EndProject
Global
	GlobalSection(SolutionConfigurationPlatforms) = preSolution
		Debug|Any CPU = Debug|Any CPU
		Release|Any CPU = Release|Any CPU
	EndGlobalSection
	GlobalSection(ProjectConfigurationPlatforms) = postSolution
		{7632BBDB-1B21-4B96-A133-1CCACC23CF68}.Debug|Any CPU.ActiveCfg = Debug|Any CPU
		{7632BBDB-1B21-4B96-A133-1CCACC23CF68}.Debug|Any CPU.Build.0 = Debug|Any CPU
		{7632BBDB-1B21-4B96-A133-1CCACC23CF68}.Release|Any CPU.ActiveCfg = Release|Any CPU
		{7632BBDB-1B21-4B96-A133-1CCACC23CF68}.Release|Any CPU.Build.0 = Release|Any CPU
	EndGlobalSection
	GlobalSection(SolutionProperties) = preSolution
		HideSolutionNode = FALSE
	EndGlobalSection
	GlobalSection(ExtensibilityGlobals) = postSolution
		SolutionGuid = {C71FC952-C07E-424B-BD43-529700F3E19B}
	EndGlobalSection
EndGlobal
